
Microsoft Visual Studio Solution File, Format Version 12.00
# Visual Studio Version 17
VisualStudioVersion = 17.7.34221.43
MinimumVisualStudioVersion = 10.0.40219.1
Project("{8BC9CEB8-8B4A-11D0-8D11-00A0C91BC942}") = "ConsoleApplication New", "ConsoleApplication New\ConsoleApplication New.vcxproj", "{D5ABDCF9-0659-4AF0-A406-5934CB239714}"
EndProject
Global
	GlobalSection(SolutionConfigurationPlatforms) = preSolution
		Debug|x64 = Debug|x64
		Debug|x86 = Debug|x86
		Release|x64 = Release|x64
		Release|x86 = Release|x86
	EndGlobalSection
	GlobalSection(ProjectConfigurationPlatforms) = postSolution
		{D5ABDCF9-0659-4AF0-A406-5934CB239714}.Debug|x64.ActiveCfg = Debug|x64
		{D5ABDCF9-0659-4AF0-A406-5934CB239714}.Debug|x64.Build.0 = Debug|x64
		{D5ABDCF9-0659-4AF0-A406-5934CB239714}.Debug|x86.ActiveCfg = Debug|Win32
		{D5ABDCF9-0659-4AF0-A406-5934CB239714}.Debug|x86.Build.0 = Debug|Win32
		{D5ABDCF9-0659-4AF0-A406-5934CB239714}.Release|x64.ActiveCfg = Release|x64
		{D5ABDCF9-0659-4AF0-A406-5934CB239714}.Release|x64.Build.0 = Release|x64
		{D5ABDCF9-0659-4AF0-A406-5934CB239714}.Release|x86.ActiveCfg = Release|Win32
		{D5ABDCF9-0659-4AF0-A406-5934CB239714}.Release|x86.Build.0 = Release|Win32
	EndGlobalSection
	GlobalSection(SolutionProperties) = preSolution
		HideSolutionNode = FALSE
	EndGlobalSection
	GlobalSection(ExtensibilityGlobals) = postSolution
		SolutionGuid = {A8FC4AD6-39E5-4E76-97EC-9BFCA84DE923}
	EndGlobalSection
EndGlobal
